// !$*UTF8*$!
{
	archiveVersion = 1;
	classes = {
	};
	objectVersion = 56;
	objects = {

/* Begin PBXBuildFile section */
		E80000012B5A00000001 /* catchApp.swift in Sources */ = {isa = PBXBuildFile; fileRef = E80000012B5A00000010 /* catchApp.swift */; };
		E80000012B5A00000002 /* ContentView.swift in Sources */ = {isa = PBXBuildFile; fileRef = E80000012B5A00000011 /* ContentView.swift */; };
		E80000012B5A00000003 /* Assets.xcassets in Resources */ = {isa = PBXBuildFile; fileRef = E80000012B5A00000012 /* Assets.xcassets */; };
		E80000012B5A00000004 /* Preview Assets.xcassets in Resources */ = {isa = PBXBuildFile; fileRef = E80000012B5A00000013 /* Preview Assets.xcassets */; };
		E8000001AA000001 /* Cat.swift in Sources */ = {isa = PBXBuildFile; fileRef = E8000001AA000010 /* Cat.swift */; };
		E8000001AA000002 /* Encounter.swift in Sources */ = {isa = PBXBuildFile; fileRef = E8000001AA000011 /* Encounter.swift */; };
		E8000001AA000003 /* CareEntry.swift in Sources */ = {isa = PBXBuildFile; fileRef = E8000001AA000012 /* CareEntry.swift */; };
		E8000001AA000004 /* CatchTheme.swift in Sources */ = {isa = PBXBuildFile; fileRef = E8000001AA000013 /* CatchTheme.swift */; };
		E8000001AA000005 /* CatPhotoView.swift in Sources */ = {isa = PBXBuildFile; fileRef = E8000001AA000014 /* CatPhotoView.swift */; };
		E8000001AA000006 /* PhotoPickerView.swift in Sources */ = {isa = PBXBuildFile; fileRef = E8000001AA000015 /* PhotoPickerView.swift */; };
		E8000001AA000007 /* EmptyStateView.swift in Sources */ = {isa = PBXBuildFile; fileRef = E8000001AA000016 /* EmptyStateView.swift */; };
		E8000001AA000008 /* FeedView.swift in Sources */ = {isa = PBXBuildFile; fileRef = E8000001AA000017 /* FeedView.swift */; };
		E8000001AA000009 /* FeedItemView.swift in Sources */ = {isa = PBXBuildFile; fileRef = E8000001AA000018 /* FeedItemView.swift */; };
		E8000001AA00000A /* CollectionView.swift in Sources */ = {isa = PBXBuildFile; fileRef = E8000001AA000019 /* CollectionView.swift */; };
		E8000001AA00000B /* CatProfileView.swift in Sources */ = {isa = PBXBuildFile; fileRef = E8000001AA00001A /* CatProfileView.swift */; };
		E8000001AA00000C /* AddEncounterView.swift in Sources */ = {isa = PBXBuildFile; fileRef = E8000001AA00001B /* AddEncounterView.swift */; };
		E8000001AA00000D /* AddCatView.swift in Sources */ = {isa = PBXBuildFile; fileRef = E8000001AA00001C /* AddCatView.swift */; };
		E8000001AA00000E /* LogEncounterView.swift in Sources */ = {isa = PBXBuildFile; fileRef = E8000001AA00001D /* LogEncounterView.swift */; };
		E8000001AA00000F /* AddCareEntryView.swift in Sources */ = {isa = PBXBuildFile; fileRef = E8000001AA00001E /* AddCareEntryView.swift */; };
		E8000001AA000020 /* EditCatView.swift in Sources */ = {isa = PBXBuildFile; fileRef = E8000001AA00001F /* EditCatView.swift */; };
		E8000001AA000021 /* MapView.swift in Sources */ = {isa = PBXBuildFile; fileRef = E8000001AA000025 /* MapView.swift */; };
		E8000001AA000022 /* LocationPickerView.swift in Sources */ = {isa = PBXBuildFile; fileRef = E8000001AA000026 /* LocationPickerView.swift */; };
		E8000001AA000023 /* Location.swift in Sources */ = {isa = PBXBuildFile; fileRef = E8000001AA000027 /* Location.swift */; };
		E8000001AA000024 /* PhotoCarouselView.swift in Sources */ = {isa = PBXBuildFile; fileRef = E8000001AA000028 /* PhotoCarouselView.swift */; };
		E8000001BB000002 /* DataSeeder.swift in Sources */ = {isa = PBXBuildFile; fileRef = E8000001BB000001 /* DataSeeder.swift */; };
		E8000001AA000035 /* CatPickerView.swift in Sources */ = {isa = PBXBuildFile; fileRef = E8000001AA000029 /* CatPickerView.swift */; };
		E8000001AA000037 /* PhotoViewerView.swift in Sources */ = {isa = PBXBuildFile; fileRef = E8000001AA00002B /* PhotoViewerView.swift */; };
		E8000001AA000036 /* OnboardingView.swift in Sources */ = {isa = PBXBuildFile; fileRef = E8000001AA00002A /* OnboardingView.swift */; };
		E8A100000001 /* LocationTests.swift in Sources */ = {isa = PBXBuildFile; fileRef = E8A100000010 /* LocationTests.swift */; };
		E8A100000002 /* CareEntryTests.swift in Sources */ = {isa = PBXBuildFile; fileRef = E8A100000011 /* CareEntryTests.swift */; };
		E8A100000003 /* CatTests.swift in Sources */ = {isa = PBXBuildFile; fileRef = E8A100000012 /* CatTests.swift */; };
		E8A100000004 /* EncounterTests.swift in Sources */ = {isa = PBXBuildFile; fileRef = E8A100000013 /* EncounterTests.swift */; };
		E8A100000005 /* ModelContainerFactory.swift in Sources */ = {isa = PBXBuildFile; fileRef = E8A100000014 /* ModelContainerFactory.swift */; };
		E8A100000006 /* Fixtures.swift in Sources */ = {isa = PBXBuildFile; fileRef = E8A100000015 /* Fixtures.swift */; };
		E8A100000007 /* Cat.swift in Sources (catchTests) */ = {isa = PBXBuildFile; fileRef = E8000001AA000010 /* Cat.swift */; };
		E8A100000008 /* Encounter.swift in Sources (catchTests) */ = {isa = PBXBuildFile; fileRef = E8000001AA000011 /* Encounter.swift */; };
		E8A100000009 /* CareEntry.swift in Sources (catchTests) */ = {isa = PBXBuildFile; fileRef = E8000001AA000012 /* CareEntry.swift */; };
		E8A10000000A /* Location.swift in Sources (catchTests) */ = {isa = PBXBuildFile; fileRef = E8000001AA000027 /* Location.swift */; };
/* End PBXBuildFile section */

/* Begin PBXFileReference section */
		E80000012B5A00000005 /* catch.app */ = {isa = PBXFileReference; explicitFileType = wrapper.application; includeInIndex = 0; path = catch.app; sourceTree = BUILT_PRODUCTS_DIR; };
		E80000012B5A00000010 /* catchApp.swift */ = {isa = PBXFileReference; lastKnownFileType = sourcecode.swift; path = catchApp.swift; sourceTree = "<group>"; };
		E80000012B5A00000011 /* ContentView.swift */ = {isa = PBXFileReference; lastKnownFileType = sourcecode.swift; path = ContentView.swift; sourceTree = "<group>"; };
		E80000012B5A00000012 /* Assets.xcassets */ = {isa = PBXFileReference; lastKnownFileType = folder.assetcatalog; path = Assets.xcassets; sourceTree = "<group>"; };
		E80000012B5A00000013 /* Preview Assets.xcassets */ = {isa = PBXFileReference; lastKnownFileType = folder.assetcatalog; path = "Preview Assets.xcassets"; sourceTree = "<group>"; };
		E8000001AA000010 /* Cat.swift */ = {isa = PBXFileReference; lastKnownFileType = sourcecode.swift; path = Cat.swift; sourceTree = "<group>"; };
		E8000001AA000011 /* Encounter.swift */ = {isa = PBXFileReference; lastKnownFileType = sourcecode.swift; path = Encounter.swift; sourceTree = "<group>"; };
		E8000001AA000012 /* CareEntry.swift */ = {isa = PBXFileReference; lastKnownFileType = sourcecode.swift; path = CareEntry.swift; sourceTree = "<group>"; };
		E8000001AA000013 /* CatchTheme.swift */ = {isa = PBXFileReference; lastKnownFileType = sourcecode.swift; path = CatchTheme.swift; sourceTree = "<group>"; };
		E8000001AA000014 /* CatPhotoView.swift */ = {isa = PBXFileReference; lastKnownFileType = sourcecode.swift; path = CatPhotoView.swift; sourceTree = "<group>"; };
		E8000001AA000015 /* PhotoPickerView.swift */ = {isa = PBXFileReference; lastKnownFileType = sourcecode.swift; path = PhotoPickerView.swift; sourceTree = "<group>"; };
		E8000001AA000016 /* EmptyStateView.swift */ = {isa = PBXFileReference; lastKnownFileType = sourcecode.swift; path = EmptyStateView.swift; sourceTree = "<group>"; };
		E8000001AA000017 /* FeedView.swift */ = {isa = PBXFileReference; lastKnownFileType = sourcecode.swift; path = FeedView.swift; sourceTree = "<group>"; };
		E8000001AA000018 /* FeedItemView.swift */ = {isa = PBXFileReference; lastKnownFileType = sourcecode.swift; path = FeedItemView.swift; sourceTree = "<group>"; };
		E8000001AA000019 /* CollectionView.swift */ = {isa = PBXFileReference; lastKnownFileType = sourcecode.swift; path = CollectionView.swift; sourceTree = "<group>"; };
		E8000001AA00001A /* CatProfileView.swift */ = {isa = PBXFileReference; lastKnownFileType = sourcecode.swift; path = CatProfileView.swift; sourceTree = "<group>"; };
		E8000001AA00001B /* AddEncounterView.swift */ = {isa = PBXFileReference; lastKnownFileType = sourcecode.swift; path = AddEncounterView.swift; sourceTree = "<group>"; };
		E8000001AA00001C /* AddCatView.swift */ = {isa = PBXFileReference; lastKnownFileType = sourcecode.swift; path = AddCatView.swift; sourceTree = "<group>"; };
		E8000001AA00001D /* LogEncounterView.swift */ = {isa = PBXFileReference; lastKnownFileType = sourcecode.swift; path = LogEncounterView.swift; sourceTree = "<group>"; };
		E8000001AA00001E /* AddCareEntryView.swift */ = {isa = PBXFileReference; lastKnownFileType = sourcecode.swift; path = AddCareEntryView.swift; sourceTree = "<group>"; };
		E8000001AA00001F /* EditCatView.swift */ = {isa = PBXFileReference; lastKnownFileType = sourcecode.swift; path = EditCatView.swift; sourceTree = "<group>"; };
		E8000001AA000025 /* MapView.swift */ = {isa = PBXFileReference; lastKnownFileType = sourcecode.swift; path = MapView.swift; sourceTree = "<group>"; };
		E8000001AA000026 /* LocationPickerView.swift */ = {isa = PBXFileReference; lastKnownFileType = sourcecode.swift; path = LocationPickerView.swift; sourceTree = "<group>"; };
		E8000001AA000027 /* Location.swift */ = {isa = PBXFileReference; lastKnownFileType = sourcecode.swift; path = Location.swift; sourceTree = "<group>"; };
		E8000001AA000028 /* PhotoCarouselView.swift */ = {isa = PBXFileReference; lastKnownFileType = sourcecode.swift; path = PhotoCarouselView.swift; sourceTree = "<group>"; };
		E8000001BB000001 /* DataSeeder.swift */ = {isa = PBXFileReference; lastKnownFileType = sourcecode.swift; path = DataSeeder.swift; sourceTree = "<group>"; };
		E8000001AA000029 /* CatPickerView.swift */ = {isa = PBXFileReference; lastKnownFileType = sourcecode.swift; path = CatPickerView.swift; sourceTree = "<group>"; };
		E8000001AA00002B /* PhotoViewerView.swift */ = {isa = PBXFileReference; lastKnownFileType = sourcecode.swift; path = PhotoViewerView.swift; sourceTree = "<group>"; };
		E8000001AA00002A /* OnboardingView.swift */ = {isa = PBXFileReference; lastKnownFileType = sourcecode.swift; path = OnboardingView.swift; sourceTree = "<group>"; };
		E8A100000010 /* LocationTests.swift */ = {isa = PBXFileReference; lastKnownFileType = sourcecode.swift; path = LocationTests.swift; sourceTree = "<group>"; };
		E8A100000011 /* CareEntryTests.swift */ = {isa = PBXFileReference; lastKnownFileType = sourcecode.swift; path = CareEntryTests.swift; sourceTree = "<group>"; };
		E8A100000012 /* CatTests.swift */ = {isa = PBXFileReference; lastKnownFileType = sourcecode.swift; path = CatTests.swift; sourceTree = "<group>"; };
		E8A100000013 /* EncounterTests.swift */ = {isa = PBXFileReference; lastKnownFileType = sourcecode.swift; path = EncounterTests.swift; sourceTree = "<group>"; };
		E8A100000014 /* ModelContainerFactory.swift */ = {isa = PBXFileReference; lastKnownFileType = sourcecode.swift; path = ModelContainerFactory.swift; sourceTree = "<group>"; };
		E8A100000015 /* Fixtures.swift */ = {isa = PBXFileReference; lastKnownFileType = sourcecode.swift; path = Fixtures.swift; sourceTree = "<group>"; };
		E8A100000016 /* catchTests.xctest */ = {isa = PBXFileReference; explicitFileType = wrapper.cfbundle; includeInIndex = 0; path = catchTests.xctest; sourceTree = BUILT_PRODUCTS_DIR; };
/* End PBXFileReference section */

/* Begin PBXFrameworksBuildPhase section */
		E80000012B5A00000006 /* Frameworks */ = {
			isa = PBXFrameworksBuildPhase;
			buildActionMask = 2147483647;
			files = (
			);
			runOnlyForDeploymentPostprocessing = 0;
		};
		E8A100000020 /* Frameworks (catchTests) */ = {
			isa = PBXFrameworksBuildPhase;
			buildActionMask = 2147483647;
			files = (
			);
			runOnlyForDeploymentPostprocessing = 0;
		};
/* End PBXFrameworksBuildPhase section */

/* Begin PBXGroup section */
		E80000012B5A00000007 /* root */ = {
			isa = PBXGroup;
			children = (
				E80000012B5A00000008 /* catch */,
				E8A100000021 /* catchTests */,
				E80000012B5A00000009 /* Products */,
			);
			sourceTree = "<group>";
		};
		E80000012B5A00000008 /* catch */ = {
			isa = PBXGroup;
			children = (
				E80000012B5A00000010 /* catchApp.swift */,
				E80000012B5A00000011 /* ContentView.swift */,
				E8000001BB000001 /* DataSeeder.swift */,
				E8000001AA000030 /* Models */,
				E8000001AA000031 /* Views */,
				E8000001AA000032 /* Components */,
				E8000001AA000033 /* Theme */,
				E80000012B5A00000012 /* Assets.xcassets */,
				E80000012B5A0000000E /* Preview Content */,
			);
			path = catch;
			sourceTree = "<group>";
		};
		E80000012B5A00000009 /* Products */ = {
			isa = PBXGroup;
			children = (
				E80000012B5A00000005 /* catch.app */,
				E8A100000016 /* catchTests.xctest */,
			);
			name = Products;
			sourceTree = "<group>";
		};
		E80000012B5A0000000E /* Preview Content */ = {
			isa = PBXGroup;
			children = (
				E80000012B5A00000013 /* Preview Assets.xcassets */,
			);
			path = "Preview Content";
			sourceTree = "<group>";
		};
		E8000001AA000030 /* Models */ = {
			isa = PBXGroup;
			children = (
				E8000001AA000010 /* Cat.swift */,
				E8000001AA000011 /* Encounter.swift */,
				E8000001AA000012 /* CareEntry.swift */,
				E8000001AA000027 /* Location.swift */,
			);
			path = Models;
			sourceTree = "<group>";
		};
		E8000001AA000031 /* Views */ = {
			isa = PBXGroup;
			children = (
				E8000001AA000017 /* FeedView.swift */,
				E8000001AA000018 /* FeedItemView.swift */,
				E8000001AA000019 /* CollectionView.swift */,
				E8000001AA00001A /* CatProfileView.swift */,
				E8000001AA00001B /* AddEncounterView.swift */,
				E8000001AA00001C /* AddCatView.swift */,
				E8000001AA00001D /* LogEncounterView.swift */,
				E8000001AA00001E /* AddCareEntryView.swift */,
				E8000001AA00001F /* EditCatView.swift */,
				E8000001AA000025 /* MapView.swift */,
				E8000001AA00002A /* OnboardingView.swift */,
			);
			path = Views;
			sourceTree = "<group>";
		};
		E8000001AA000032 /* Components */ = {
			isa = PBXGroup;
			children = (
				E8000001AA000014 /* CatPhotoView.swift */,
				E8000001AA000028 /* PhotoCarouselView.swift */,
				E8000001AA000015 /* PhotoPickerView.swift */,
				E8000001AA000016 /* EmptyStateView.swift */,
				E8000001AA000026 /* LocationPickerView.swift */,
				E8000001AA000029 /* CatPickerView.swift */,
				E8000001AA00002B /* PhotoViewerView.swift */,
			);
			path = Components;
			sourceTree = "<group>";
		};
		E8000001AA000033 /* Theme */ = {
			isa = PBXGroup;
			children = (
				E8000001AA000013 /* CatchTheme.swift */,
			);
			path = Theme;
			sourceTree = "<group>";
		};
		E8A100000021 /* catchTests */ = {
			isa = PBXGroup;
			children = (
				E8A100000022 /* Models */,
				E8A100000023 /* TestHelpers */,
			);
			path = catchTests;
			sourceTree = "<group>";
		};
		E8A100000022 /* Models */ = {
			isa = PBXGroup;
			children = (
				E8A100000010 /* LocationTests.swift */,
				E8A100000011 /* CareEntryTests.swift */,
				E8A100000012 /* CatTests.swift */,
				E8A100000013 /* EncounterTests.swift */,
			);
			path = Models;
			sourceTree = "<group>";
		};
		E8A100000023 /* TestHelpers */ = {
			isa = PBXGroup;
			children = (
				E8A100000014 /* ModelContainerFactory.swift */,
				E8A100000015 /* Fixtures.swift */,
			);
			path = TestHelpers;
			sourceTree = "<group>";
		};
/* End PBXGroup section */

/* Begin PBXNativeTarget section */
		E80000012B5A0000000A /* catch */ = {
			isa = PBXNativeTarget;
			buildConfigurationList = E80000012B5A0000000D /* Build configuration list for PBXNativeTarget "catch" */;
			buildPhases = (
				E80000012B5A0000000B /* Sources */,
				E80000012B5A00000006 /* Frameworks */,
				E80000012B5A0000000C /* Resources */,
			);
			buildRules = (
			);
			dependencies = (
			);
			name = catch;
			productName = catch;
			productReference = E80000012B5A00000005 /* catch.app */;
			productType = "com.apple.product-type.application";
		};
		E8A100000030 /* catchTests */ = {
			isa = PBXNativeTarget;
			buildConfigurationList = E8A100000042 /* Build configuration list for PBXNativeTarget "catchTests" */;
			buildPhases = (
				E8A100000031 /* Sources */,
				E8A100000020 /* Frameworks */,
			);
			buildRules = (
			);
			dependencies = (
			);
			name = catchTests;
			productName = catchTests;
			productReference = E8A100000016 /* catchTests.xctest */;
			productType = "com.apple.product-type.bundle.unit-test";
		};
/* End PBXNativeTarget section */

/* Begin PBXProject section */
		E80000012B5A0000000F /* Project object */ = {
			isa = PBXProject;
			attributes = {
				BuildIndependentTargetsInParallel = 1;
				LastSwiftUpdateCheck = 1540;
				LastUpgradeCheck = 1540;
				TargetAttributes = {
					E80000012B5A0000000A = {
						CreatedOnToolsVersion = 15.4;
					};
					E8A100000030 = {
						CreatedOnToolsVersion = 15.4;
						TestTargetID = E80000012B5A0000000A;
					};
				};
			};
			buildConfigurationList = E80000012B5A00000014 /* Build configuration list for PBXProject "catch" */;
			compatibilityVersion = "Xcode 14.0";
			developmentRegion = en;
			hasScannedForEncodings = 0;
			knownRegions = (
				en,
				Base,
			);
			mainGroup = E80000012B5A00000007 /* root */;
			productRefGroup = E80000012B5A00000009 /* Products */;
			projectDirPath = "";
			projectRoot = "";
			targets = (
				E80000012B5A0000000A /* catch */,
				E8A100000030 /* catchTests */,
			);
		};
/* End PBXProject section */

/* Begin PBXResourcesBuildPhase section */
		E80000012B5A0000000C /* Resources */ = {
			isa = PBXResourcesBuildPhase;
			buildActionMask = 2147483647;
			files = (
				E80000012B5A00000004 /* Preview Assets.xcassets in Resources */,
				E80000012B5A00000003 /* Assets.xcassets in Resources */,
			);
			runOnlyForDeploymentPostprocessing = 0;
		};
/* End PBXResourcesBuildPhase section */

/* Begin PBXSourcesBuildPhase section */
		E80000012B5A0000000B /* Sources */ = {
			isa = PBXSourcesBuildPhase;
			buildActionMask = 2147483647;
			files = (
				E80000012B5A00000002 /* ContentView.swift in Sources */,
				E80000012B5A00000001 /* catchApp.swift in Sources */,
				E8000001AA000001 /* Cat.swift in Sources */,
				E8000001AA000002 /* Encounter.swift in Sources */,
				E8000001AA000003 /* CareEntry.swift in Sources */,
				E8000001AA000004 /* CatchTheme.swift in Sources */,
				E8000001AA000005 /* CatPhotoView.swift in Sources */,
				E8000001AA000006 /* PhotoPickerView.swift in Sources */,
				E8000001AA000007 /* EmptyStateView.swift in Sources */,
				E8000001AA000008 /* FeedView.swift in Sources */,
				E8000001AA000009 /* FeedItemView.swift in Sources */,
				E8000001AA00000A /* CollectionView.swift in Sources */,
				E8000001AA00000B /* CatProfileView.swift in Sources */,
				E8000001AA00000C /* AddEncounterView.swift in Sources */,
				E8000001AA00000D /* AddCatView.swift in Sources */,
				E8000001AA00000E /* LogEncounterView.swift in Sources */,
				E8000001AA00000F /* AddCareEntryView.swift in Sources */,
				E8000001AA000020 /* EditCatView.swift in Sources */,
				E8000001AA000021 /* MapView.swift in Sources */,
				E8000001AA000022 /* LocationPickerView.swift in Sources */,
				E8000001AA000023 /* Location.swift in Sources */,
				E8000001AA000024 /* PhotoCarouselView.swift in Sources */,
				E8000001BB000002 /* DataSeeder.swift in Sources */,
				E8000001AA000035 /* CatPickerView.swift in Sources */,
				E8000001AA000037 /* PhotoViewerView.swift in Sources */,
				E8000001AA000036 /* OnboardingView.swift in Sources */,
			);
			runOnlyForDeploymentPostprocessing = 0;
		};
		E8A100000031 /* Sources (catchTests) */ = {
			isa = PBXSourcesBuildPhase;
			buildActionMask = 2147483647;
			files = (
				E8A100000001 /* LocationTests.swift in Sources */,
				E8A100000002 /* CareEntryTests.swift in Sources */,
				E8A100000003 /* CatTests.swift in Sources */,
				E8A100000004 /* EncounterTests.swift in Sources */,
				E8A100000005 /* ModelContainerFactory.swift in Sources */,
				E8A100000006 /* Fixtures.swift in Sources */,
				E8A100000007 /* Cat.swift in Sources (catchTests) */,
				E8A100000008 /* Encounter.swift in Sources (catchTests) */,
				E8A100000009 /* CareEntry.swift in Sources (catchTests) */,
				E8A10000000A /* Location.swift in Sources (catchTests) */,
			);
			runOnlyForDeploymentPostprocessing = 0;
		};
/* End PBXSourcesBuildPhase section */

/* Begin XCBuildConfiguration section */
		E80000012B5A00000015 /* Debug */ = {
			isa = XCBuildConfiguration;
			buildSettings = {
				ALWAYS_SEARCH_USER_PATHS = NO;
				ASSETCATALOG_COMPILER_GENERATE_SWIFT_ASSET_SYMBOL_EXTENSIONS = YES;
				CLANG_ANALYZER_NONNULL = YES;
				CLANG_ANALYZER_NUMBER_OBJECT_CONVERSION = YES_AGGRESSIVE;
				CLANG_CXX_LANGUAGE_STANDARD = "gnu++20";
				CLANG_ENABLE_MODULES = YES;
				CLANG_ENABLE_OBJC_ARC = YES;
				CLANG_ENABLE_OBJC_WEAK = YES;
				CLANG_WARN_BLOCK_CAPTURE_AUTORELEASING = YES;
				CLANG_WARN_BOOL_CONVERSION = YES;
				CLANG_WARN_COMMA = YES;
				CLANG_WARN_CONSTANT_CONVERSION = YES;
				CLANG_WARN_DEPRECATED_OBJC_IMPLEMENTATIONS = YES;
				CLANG_WARN_DIRECT_OBJC_ISA_USAGE = YES_ERROR;
				CLANG_WARN_DOCUMENTATION_COMMENTS = YES;
				CLANG_WARN_EMPTY_BODY = YES;
				CLANG_WARN_ENUM_CONVERSION = YES;
				CLANG_WARN_INFINITE_RECURSION = YES;
				CLANG_WARN_INT_CONVERSION = YES;
				CLANG_WARN_NON_LITERAL_NULL_CONVERSION = YES;
				CLANG_WARN_OBJC_IMPLICIT_RETAIN_SELF = YES;
				CLANG_WARN_OBJC_LITERAL_CONVERSION = YES;
				CLANG_WARN_OBJC_ROOT_CLASS = YES_ERROR;
				CLANG_WARN_QUOTED_INCLUDE_IN_FRAMEWORK_HEADER = YES;
				CLANG_WARN_RANGE_LOOP_ANALYSIS = YES;
				CLANG_WARN_STRICT_PROTOTYPES = YES;
				CLANG_WARN_SUSPICIOUS_MOVE = YES;
				CLANG_WARN_UNGUARDED_AVAILABILITY = YES_AGGRESSIVE;
				CLANG_WARN_UNREACHABLE_CODE = YES;
				CLANG_WARN__DUPLICATE_METHOD_MATCH = YES;
				COPY_PHASE_STRIP = NO;
				DEBUG_INFORMATION_FORMAT = dwarf;
				ENABLE_STRICT_OBJC_MSGSEND = YES;
				ENABLE_TESTABILITY = YES;
				ENABLE_USER_SCRIPT_SANDBOXING = YES;
				GCC_C_LANGUAGE_STANDARD = gnu17;
				GCC_DYNAMIC_NO_PIC = NO;
				GCC_NO_COMMON_BLOCKS = YES;
				GCC_OPTIMIZATION_LEVEL = 0;
				GCC_PREPROCESSOR_DEFINITIONS = (
					"DEBUG=1",
					"$(inherited)",
				);
				GCC_WARN_64_TO_32_BIT_CONVERSION = YES;
				GCC_WARN_ABOUT_RETURN_TYPE = YES_ERROR;
				GCC_WARN_UNDECLARED_SELECTOR = YES;
				GCC_WARN_UNINITIALIZED_AUTOS = YES_AGGRESSIVE;
				GCC_WARN_UNUSED_FUNCTION = YES;
				GCC_WARN_UNUSED_VARIABLE = YES;
				IPHONEOS_DEPLOYMENT_TARGET = 17.0;
				LOCALIZATION_PREFERS_STRING_CATALOGS = YES;
				MTL_ENABLE_DEBUG_INFO = INCLUDE_SOURCE;
				MTL_FAST_MATH = YES;
				ONLY_ACTIVE_ARCH = YES;
				SDKROOT = iphoneos;
				SWIFT_ACTIVE_COMPILATION_CONDITIONS = "DEBUG $(inherited)";
				SWIFT_OPTIMIZATION_LEVEL = "-Onone";
			};
			name = Debug;
		};
		E80000012B5A00000016 /* Release */ = {
			isa = XCBuildConfiguration;
			buildSettings = {
				ALWAYS_SEARCH_USER_PATHS = NO;
				ASSETCATALOG_COMPILER_GENERATE_SWIFT_ASSET_SYMBOL_EXTENSIONS = YES;
				CLANG_ANALYZER_NONNULL = YES;
				CLANG_ANALYZER_NUMBER_OBJECT_CONVERSION = YES_AGGRESSIVE;
				CLANG_CXX_LANGUAGE_STANDARD = "gnu++20";
				CLANG_ENABLE_MODULES = YES;
				CLANG_ENABLE_OBJC_ARC = YES;
				CLANG_ENABLE_OBJC_WEAK = YES;
				CLANG_WARN_BLOCK_CAPTURE_AUTORELEASING = YES;
				CLANG_WARN_BOOL_CONVERSION = YES;
				CLANG_WARN_COMMA = YES;
				CLANG_WARN_CONSTANT_CONVERSION = YES;
				CLANG_WARN_DEPRECATED_OBJC_IMPLEMENTATIONS = YES;
				CLANG_WARN_DIRECT_OBJC_ISA_USAGE = YES_ERROR;
				CLANG_WARN_DOCUMENTATION_COMMENTS = YES;
				CLANG_WARN_EMPTY_BODY = YES;
				CLANG_WARN_ENUM_CONVERSION = YES;
				CLANG_WARN_INFINITE_RECURSION = YES;
				CLANG_WARN_INT_CONVERSION = YES;
				CLANG_WARN_NON_LITERAL_NULL_CONVERSION = YES;
				CLANG_WARN_OBJC_IMPLICIT_RETAIN_SELF = YES;
				CLANG_WARN_OBJC_LITERAL_CONVERSION = YES;
				CLANG_WARN_OBJC_ROOT_CLASS = YES_ERROR;
				CLANG_WARN_QUOTED_INCLUDE_IN_FRAMEWORK_HEADER = YES;
				CLANG_WARN_RANGE_LOOP_ANALYSIS = YES;
				CLANG_WARN_STRICT_PROTOTYPES = YES;
				CLANG_WARN_SUSPICIOUS_MOVE = YES;
				CLANG_WARN_UNGUARDED_AVAILABILITY = YES_AGGRESSIVE;
				CLANG_WARN_UNREACHABLE_CODE = YES;
				CLANG_WARN__DUPLICATE_METHOD_MATCH = YES;
				COPY_PHASE_STRIP = NO;
				DEBUG_INFORMATION_FORMAT = "dwarf-with-dsym";
				ENABLE_NS_ASSERTIONS = NO;
				ENABLE_STRICT_OBJC_MSGSEND = YES;
				ENABLE_USER_SCRIPT_SANDBOXING = YES;
				GCC_C_LANGUAGE_STANDARD = gnu17;
				GCC_NO_COMMON_BLOCKS = YES;
				GCC_WARN_64_TO_32_BIT_CONVERSION = YES;
				GCC_WARN_ABOUT_RETURN_TYPE = YES_ERROR;
				GCC_WARN_UNDECLARED_SELECTOR = YES;
				GCC_WARN_UNINITIALIZED_AUTOS = YES_AGGRESSIVE;
				GCC_WARN_UNUSED_FUNCTION = YES;
				GCC_WARN_UNUSED_VARIABLE = YES;
				IPHONEOS_DEPLOYMENT_TARGET = 17.0;
				LOCALIZATION_PREFERS_STRING_CATALOGS = YES;
				MTL_ENABLE_DEBUG_INFO = NO;
				MTL_FAST_MATH = YES;
				SDKROOT = iphoneos;
				SWIFT_COMPILATION_MODE = wholemodule;
				VALIDATE_PRODUCT = YES;
			};
			name = Release;
		};
		E80000012B5A00000017 /* Debug */ = {
			isa = XCBuildConfiguration;
			buildSettings = {
				ASSETCATALOG_COMPILER_APPICON_NAME = AppIcon;
				ASSETCATALOG_COMPILER_GLOBAL_ACCENT_COLOR_NAME = AccentColor;
				CODE_SIGN_STYLE = Automatic;
				CURRENT_PROJECT_VERSION = 1;
				DEVELOPMENT_ASSET_PATHS = "\"catch/Preview Content\"";
				ENABLE_PREVIEWS = YES;
				GENERATE_INFOPLIST_FILE = YES;
				INFOPLIST_KEY_NSLocationWhenInUseUsageDescription = "Catch uses your location to record where you spotted a cat.";
				INFOPLIST_KEY_NSPhotoLibraryUsageDescription = "Catch needs access to your photo library to add photos of cats.";
				INFOPLIST_KEY_UIApplicationSceneManifest_Generation = YES;
				INFOPLIST_KEY_UIApplicationSupportsIndirectInputEvents = YES;
				INFOPLIST_KEY_UILaunchScreen_Generation = YES;
				INFOPLIST_KEY_UISupportedInterfaceOrientations_iPad = "UIInterfaceOrientationPortrait UIInterfaceOrientationPortraitUpsideDown UIInterfaceOrientationLandscapeLeft UIInterfaceOrientationLandscapeRight";
				INFOPLIST_KEY_UISupportedInterfaceOrientations_iPhone = "UIInterfaceOrientationPortrait UIInterfaceOrientationLandscapeLeft UIInterfaceOrientationLandscapeRight";
				LD_RUNPATH_SEARCH_PATHS = (
					"$(inherited)",
					"@executable_path/Frameworks",
				);
				MARKETING_VERSION = 1.0;
				PRODUCT_BUNDLE_IDENTIFIER = com.catch.catch;
				PRODUCT_NAME = "$(TARGET_NAME)";
				SWIFT_EMIT_LOC_STRINGS = YES;
				SWIFT_VERSION = 5.0;
				TARGETED_DEVICE_FAMILY = "1,2";
			};
			name = Debug;
		};
		E80000012B5A00000018 /* Release */ = {
			isa = XCBuildConfiguration;
			buildSettings = {
				ASSETCATALOG_COMPILER_APPICON_NAME = AppIcon;
				ASSETCATALOG_COMPILER_GLOBAL_ACCENT_COLOR_NAME = AccentColor;
				CODE_SIGN_STYLE = Automatic;
				CURRENT_PROJECT_VERSION = 1;
				DEVELOPMENT_ASSET_PATHS = "\"catch/Preview Content\"";
				ENABLE_PREVIEWS = YES;
				GENERATE_INFOPLIST_FILE = YES;
				INFOPLIST_KEY_NSLocationWhenInUseUsageDescription = "Catch uses your location to record where you spotted a cat.";
				INFOPLIST_KEY_NSPhotoLibraryUsageDescription = "Catch needs access to your photo library to add photos of cats.";
				INFOPLIST_KEY_UIApplicationSceneManifest_Generation = YES;
				INFOPLIST_KEY_UIApplicationSupportsIndirectInputEvents = YES;
				INFOPLIST_KEY_UILaunchScreen_Generation = YES;
				INFOPLIST_KEY_UISupportedInterfaceOrientations_iPad = "UIInterfaceOrientationPortrait UIInterfaceOrientationPortraitUpsideDown UIInterfaceOrientationLandscapeLeft UIInterfaceOrientationLandscapeRight";
				INFOPLIST_KEY_UISupportedInterfaceOrientations_iPhone = "UIInterfaceOrientationPortrait UIInterfaceOrientationLandscapeLeft UIInterfaceOrientationLandscapeRight";
				LD_RUNPATH_SEARCH_PATHS = (
					"$(inherited)",
					"@executable_path/Frameworks",
				);
				MARKETING_VERSION = 1.0;
				PRODUCT_BUNDLE_IDENTIFIER = com.catch.catch;
				PRODUCT_NAME = "$(TARGET_NAME)";
				SWIFT_EMIT_LOC_STRINGS = YES;
				SWIFT_VERSION = 5.0;
				TARGETED_DEVICE_FAMILY = "1,2";
			};
			name = Release;
		};
		E8A100000040 /* Debug (catchTests) */ = {
			isa = XCBuildConfiguration;
			buildSettings = {
				CODE_SIGN_STYLE = Automatic;
				CURRENT_PROJECT_VERSION = 1;
				GENERATE_INFOPLIST_FILE = YES;
				IPHONEOS_DEPLOYMENT_TARGET = 17.0;
				MARKETING_VERSION = 1.0;
				PRODUCT_BUNDLE_IDENTIFIER = com.catch.catchTests;
				PRODUCT_NAME = "$(TARGET_NAME)";
				SWIFT_EMIT_LOC_STRINGS = NO;
				SWIFT_VERSION = 5.0;
				TARGETED_DEVICE_FAMILY = "1,2";
			};
			name = Debug;
		};
		E8A100000041 /* Release (catchTests) */ = {
			isa = XCBuildConfiguration;
			buildSettings = {
				CODE_SIGN_STYLE = Automatic;
				CURRENT_PROJECT_VERSION = 1;
				GENERATE_INFOPLIST_FILE = YES;
				IPHONEOS_DEPLOYMENT_TARGET = 17.0;
				MARKETING_VERSION = 1.0;
				PRODUCT_BUNDLE_IDENTIFIER = com.catch.catchTests;
				PRODUCT_NAME = "$(TARGET_NAME)";
				SWIFT_EMIT_LOC_STRINGS = NO;
				SWIFT_VERSION = 5.0;
				TARGETED_DEVICE_FAMILY = "1,2";
			};
			name = Release;
		};
/* End XCBuildConfiguration section */

/* Begin XCConfigurationList section */
		E80000012B5A00000014 /* Build configuration list for PBXProject "catch" */ = {
			isa = XCConfigurationList;
			buildConfigurations = (
				E80000012B5A00000015 /* Debug */,
				E80000012B5A00000016 /* Release */,
			);
			defaultConfigurationIsVisible = 0;
			defaultConfigurationName = Release;
		};
		E80000012B5A0000000D /* Build configuration list for PBXNativeTarget "catch" */ = {
			isa = XCConfigurationList;
			buildConfigurations = (
				E80000012B5A00000017 /* Debug */,
				E80000012B5A00000018 /* Release */,
			);
			defaultConfigurationIsVisible = 0;
			defaultConfigurationName = Release;
		};
		E8A100000042 /* Build configuration list for PBXNativeTarget "catchTests" */ = {
			isa = XCConfigurationList;
			buildConfigurations = (
				E8A100000040 /* Debug */,
				E8A100000041 /* Release */,
			);
			defaultConfigurationIsVisible = 0;
			defaultConfigurationName = Release;
		};
/* End XCConfigurationList section */

	};
	rootObject = E80000012B5A0000000F /* Project object */;
}
